
Microsoft Visual Studio Solution File, Format Version 12.00
# Visual Studio Version 17
VisualStudioVersion = 17.12.35527.113 d17.12
MinimumVisualStudioVersion = 10.0.40219.1
Project("{FAE04EC0-301F-11D3-BF4B-00C04F79EFBC}") = "Projeto Integrador", "Projeto Integrador\Projeto Integrador.csproj", "{B07B46DB-A7B3-4688-9858-D1FE9788ABDC}"
EndProject
Global
	GlobalSection(SolutionConfigurationPlatforms) = preSolution
		Debug|Any CPU = Debug|Any CPU
		Release|Any CPU = Release|Any CPU
	EndGlobalSection
	GlobalSection(ProjectConfigurationPlatforms) = postSolution
		{B07B46DB-A7B3-4688-9858-D1FE9788ABDC}.Debug|Any CPU.ActiveCfg = Debug|Any CPU
		{B07B46DB-A7B3-4688-9858-D1FE9788ABDC}.Debug|Any CPU.Build.0 = Debug|Any CPU
		{B07B46DB-A7B3-4688-9858-D1FE9788ABDC}.Release|Any CPU.ActiveCfg = Release|Any CPU
		{B07B46DB-A7B3-4688-9858-D1FE9788ABDC}.Release|Any CPU.Build.0 = Release|Any CPU
	EndGlobalSection
	GlobalSection(SolutionProperties) = preSolution
		HideSolutionNode = FALSE
	EndGlobalSection
EndGlobal
